// !$*UTF8*$!
{
	archiveVersion = 1;
	classes = {
	};
	objectVersion = 46;
	objects = {

/* Begin PBXBuildFile section */
		73E60B98188A73D400D49502 /* Foundation.framework in Frameworks */ = {isa = PBXBuildFile; fileRef = 73E60B97188A73D400D49502 /* Foundation.framework */; };
		73E60B9A188A73D400D49502 /* CoreGraphics.framework in Frameworks */ = {isa = PBXBuildFile; fileRef = 73E60B99188A73D400D49502 /* CoreGraphics.framework */; };
		73E60B9C188A73D400D49502 /* UIKit.framework in Frameworks */ = {isa = PBXBuildFile; fileRef = 73E60B9B188A73D400D49502 /* UIKit.framework */; };
		73E60BA2188A73D400D49502 /* InfoPlist.strings in Resources */ = {isa = PBXBuildFile; fileRef = 73E60BA0188A73D400D49502 /* InfoPlist.strings */; };
		73E60BA4188A73D400D49502 /* main.m in Sources */ = {isa = PBXBuildFile; fileRef = 73E60BA3188A73D400D49502 /* main.m */; };
		73E60BA8188A73D400D49502 /* AppDelegate.m in Sources */ = {isa = PBXBuildFile; fileRef = 73E60BA7188A73D400D49502 /* AppDelegate.m */; };
		73E60BAB188A73D400D49502 /* Main.storyboard in Resources */ = {isa = PBXBuildFile; fileRef = 73E60BA9188A73D400D49502 /* Main.storyboard */; };
		73E60BB0188A73D400D49502 /* Images.xcassets in Resources */ = {isa = PBXBuildFile; fileRef = 73E60BAF188A73D400D49502 /* Images.xcassets */; };
		73E60BB7188A73D400D49502 /* XCTest.framework in Frameworks */ = {isa = PBXBuildFile; fileRef = 73E60BB6188A73D400D49502 /* XCTest.framework */; };
		73E60BB8188A73D400D49502 /* Foundation.framework in Frameworks */ = {isa = PBXBuildFile; fileRef = 73E60B97188A73D400D49502 /* Foundation.framework */; };
		73E60BB9188A73D400D49502 /* UIKit.framework in Frameworks */ = {isa = PBXBuildFile; fileRef = 73E60B9B188A73D400D49502 /* UIKit.framework */; };
		73E60BC1188A73D400D49502 /* InfoPlist.strings in Resources */ = {isa = PBXBuildFile; fileRef = 73E60BBF188A73D400D49502 /* InfoPlist.strings */; };
		73E60BC3188A73D400D49502 /* TodoListAppTests.m in Sources */ = {isa = PBXBuildFile; fileRef = 73E60BC2188A73D400D49502 /* TodoListAppTests.m */; };
		73E60BD2188A785E00D49502 /* TableViewController.m in Sources */ = {isa = PBXBuildFile; fileRef = 73E60BD1188A785E00D49502 /* TableViewController.m */; };
		73E60BD5188A807300D49502 /* Cell.m in Sources */ = {isa = PBXBuildFile; fileRef = 73E60BD4188A807300D49502 /* Cell.m */; };
/* End PBXBuildFile section */

/* Begin PBXContainerItemProxy section */
		73E60BBA188A73D400D49502 /* PBXContainerItemProxy */ = {
			isa = PBXContainerItemProxy;
			containerPortal = 73E60B8C188A73D400D49502 /* Project object */;
			proxyType = 1;
			remoteGlobalIDString = 73E60B93188A73D400D49502;
			remoteInfo = TodoListApp;
		};
/* End PBXContainerItemProxy section */

/* Begin PBXFileReference section */
		73E60B94188A73D400D49502 /* TodoListApp.app */ = {isa = PBXFileReference; explicitFileType = wrapper.application; includeInIndex = 0; path = TodoListApp.app; sourceTree = BUILT_PRODUCTS_DIR; };
		73E60B97188A73D400D49502 /* Foundation.framework */ = {isa = PBXFileReference; lastKnownFileType = wrapper.framework; name = Foundation.framework; path = System/Library/Frameworks/Foundation.framework; sourceTree = SDKROOT; };
		73E60B99188A73D400D49502 /* CoreGraphics.framework */ = {isa = PBXFileReference; lastKnownFileType = wrapper.framework; name = CoreGraphics.framework; path = System/Library/Frameworks/CoreGraphics.framework; sourceTree = SDKROOT; };
		73E60B9B188A73D400D49502 /* UIKit.framework */ = {isa = PBXFileReference; lastKnownFileType = wrapper.framework; name = UIKit.framework; path = System/Library/Frameworks/UIKit.framework; sourceTree = SDKROOT; };
		73E60B9F188A73D400D49502 /* TodoListApp-Info.plist */ = {isa = PBXFileReference; lastKnownFileType = text.plist.xml; path = "TodoListApp-Info.plist"; sourceTree = "<group>"; };
		73E60BA1188A73D400D49502 /* en */ = {isa = PBXFileReference; lastKnownFileType = text.plist.strings; name = en; path = en.lproj/InfoPlist.strings; sourceTree = "<group>"; };
		73E60BA3188A73D400D49502 /* main.m */ = {isa = PBXFileReference; lastKnownFileType = sourcecode.c.objc; path = main.m; sourceTree = "<group>"; };
		73E60BA5188A73D400D49502 /* TodoListApp-Prefix.pch */ = {isa = PBXFileReference; lastKnownFileType = sourcecode.c.h; path = "TodoListApp-Prefix.pch"; sourceTree = "<group>"; };
		73E60BA6188A73D400D49502 /* AppDelegate.h */ = {isa = PBXFileReference; lastKnownFileType = sourcecode.c.h; path = AppDelegate.h; sourceTree = "<group>"; };
		73E60BA7188A73D400D49502 /* AppDelegate.m */ = {isa = PBXFileReference; lastKnownFileType = sourcecode.c.objc; path = AppDelegate.m; sourceTree = "<group>"; };
		73E60BAA188A73D400D49502 /* Base */ = {isa = PBXFileReference; lastKnownFileType = file.storyboard; name = Base; path = Base.lproj/Main.storyboard; sourceTree = "<group>"; };
		73E60BAF188A73D400D49502 /* Images.xcassets */ = {isa = PBXFileReference; lastKnownFileType = folder.assetcatalog; path = Images.xcassets; sourceTree = "<group>"; };
		73E60BB5188A73D400D49502 /* TodoListAppTests.xctest */ = {isa = PBXFileReference; explicitFileType = wrapper.cfbundle; includeInIndex = 0; path = TodoListAppTests.xctest; sourceTree = BUILT_PRODUCTS_DIR; };
		73E60BB6188A73D400D49502 /* XCTest.framework */ = {isa = PBXFileReference; lastKnownFileType = wrapper.framework; name = XCTest.framework; path = Library/Frameworks/XCTest.framework; sourceTree = DEVELOPER_DIR; };
		73E60BBE188A73D400D49502 /* TodoListAppTests-Info.plist */ = {isa = PBXFileReference; lastKnownFileType = text.plist.xml; path = "TodoListAppTests-Info.plist"; sourceTree = "<group>"; };
		73E60BC0188A73D400D49502 /* en */ = {isa = PBXFileReference; lastKnownFileType = text.plist.strings; name = en; path = en.lproj/InfoPlist.strings; sourceTree = "<group>"; };
		73E60BC2188A73D400D49502 /* TodoListAppTests.m */ = {isa = PBXFileReference; lastKnownFileType = sourcecode.c.objc; path = TodoListAppTests.m; sourceTree = "<group>"; };
		73E60BD0188A785E00D49502 /* TableViewController.h */ = {isa = PBXFileReference; fileEncoding = 4; lastKnownFileType = sourcecode.c.h; path = TableViewController.h; sourceTree = "<group>"; };
		73E60BD1188A785E00D49502 /* TableViewController.m */ = {isa = PBXFileReference; fileEncoding = 4; lastKnownFileType = sourcecode.c.objc; path = TableViewController.m; sourceTree = "<group>"; };
		73E60BD3188A807300D49502 /* Cell.h */ = {isa = PBXFileReference; fileEncoding = 4; lastKnownFileType = sourcecode.c.h; path = Cell.h; sourceTree = "<group>"; };
		73E60BD4188A807300D49502 /* Cell.m */ = {isa = PBXFileReference; fileEncoding = 4; lastKnownFileType = sourcecode.c.objc; path = Cell.m; sourceTree = "<group>"; };
/* End PBXFileReference section */

/* Begin PBXFrameworksBuildPhase section */
		73E60B91188A73D400D49502 /* Frameworks */ = {
			isa = PBXFrameworksBuildPhase;
			buildActionMask = 2147483647;
			files = (
				73E60B9A188A73D400D49502 /* CoreGraphics.framework in Frameworks */,
				73E60B9C188A73D400D49502 /* UIKit.framework in Frameworks */,
				73E60B98188A73D400D49502 /* Foundation.framework in Frameworks */,
			);
			runOnlyForDeploymentPostprocessing = 0;
		};
		73E60BB2188A73D400D49502 /* Frameworks */ = {
			isa = PBXFrameworksBuildPhase;
			buildActionMask = 2147483647;
			files = (
				73E60BB7188A73D400D49502 /* XCTest.framework in Frameworks */,
				73E60BB9188A73D400D49502 /* UIKit.framework in Frameworks */,
				73E60BB8188A73D400D49502 /* Foundation.framework in Frameworks */,
			);
			runOnlyForDeploymentPostprocessing = 0;
		};
/* End PBXFrameworksBuildPhase section */

/* Begin PBXGroup section */
		73E60B8B188A73D400D49502 = {
			isa = PBXGroup;
			children = (
				73E60B9D188A73D400D49502 /* TodoListApp */,
				73E60BBC188A73D400D49502 /* TodoListAppTests */,
				73E60B96188A73D400D49502 /* Frameworks */,
				73E60B95188A73D400D49502 /* Products */,
			);
			sourceTree = "<group>";
		};
		73E60B95188A73D400D49502 /* Products */ = {
			isa = PBXGroup;
			children = (
				73E60B94188A73D400D49502 /* TodoListApp.app */,
				73E60BB5188A73D400D49502 /* TodoListAppTests.xctest */,
			);
			name = Products;
			sourceTree = "<group>";
		};
		73E60B96188A73D400D49502 /* Frameworks */ = {
			isa = PBXGroup;
			children = (
				73E60B97188A73D400D49502 /* Foundation.framework */,
				73E60B99188A73D400D49502 /* CoreGraphics.framework */,
				73E60B9B188A73D400D49502 /* UIKit.framework */,
				73E60BB6188A73D400D49502 /* XCTest.framework */,
			);
			name = Frameworks;
			sourceTree = "<group>";
		};
		73E60B9D188A73D400D49502 /* TodoListApp */ = {
			isa = PBXGroup;
			children = (
				73E60BA6188A73D400D49502 /* AppDelegate.h */,
				73E60BA7188A73D400D49502 /* AppDelegate.m */,
				73E60BA9188A73D400D49502 /* Main.storyboard */,
				73E60BD0188A785E00D49502 /* TableViewController.h */,
				73E60BD1188A785E00D49502 /* TableViewController.m */,
				73E60BAF188A73D400D49502 /* Images.xcassets */,
				73E60B9E188A73D400D49502 /* Supporting Files */,
				73E60BD3188A807300D49502 /* Cell.h */,
				73E60BD4188A807300D49502 /* Cell.m */,
			);
			path = TodoListApp;
			sourceTree = "<group>";
		};
		73E60B9E188A73D400D49502 /* Supporting Files */ = {
			isa = PBXGroup;
			children = (
				73E60B9F188A73D400D49502 /* TodoListApp-Info.plist */,
				73E60BA0188A73D400D49502 /* InfoPlist.strings */,
				73E60BA3188A73D400D49502 /* main.m */,
				73E60BA5188A73D400D49502 /* TodoListApp-Prefix.pch */,
			);
			name = "Supporting Files";
			sourceTree = "<group>";
		};
		73E60BBC188A73D400D49502 /* TodoListAppTests */ = {
			isa = PBXGroup;
			children = (
				73E60BC2188A73D400D49502 /* TodoListAppTests.m */,
				73E60BBD188A73D400D49502 /* Supporting Files */,
			);
			path = TodoListAppTests;
			sourceTree = "<group>";
		};
		73E60BBD188A73D400D49502 /* Supporting Files */ = {
			isa = PBXGroup;
			children = (
				73E60BBE188A73D400D49502 /* TodoListAppTests-Info.plist */,
				73E60BBF188A73D400D49502 /* InfoPlist.strings */,
			);
			name = "Supporting Files";
			sourceTree = "<group>";
		};
/* End PBXGroup section */

/* Begin PBXNativeTarget section */
		73E60B93188A73D400D49502 /* TodoListApp */ = {
			isa = PBXNativeTarget;
			buildConfigurationList = 73E60BC6188A73D400D49502 /* Build configuration list for PBXNativeTarget "TodoListApp" */;
			buildPhases = (
				73E60B90188A73D400D49502 /* Sources */,
				73E60B91188A73D400D49502 /* Frameworks */,
				73E60B92188A73D400D49502 /* Resources */,
			);
			buildRules = (
			);
			dependencies = (
			);
			name = TodoListApp;
			productName = TodoListApp;
			productReference = 73E60B94188A73D400D49502 /* TodoListApp.app */;
			productType = "com.apple.product-type.application";
		};
		73E60BB4188A73D400D49502 /* TodoListAppTests */ = {
			isa = PBXNativeTarget;
			buildConfigurationList = 73E60BC9188A73D400D49502 /* Build configuration list for PBXNativeTarget "TodoListAppTests" */;
			buildPhases = (
				73E60BB1188A73D400D49502 /* Sources */,
				73E60BB2188A73D400D49502 /* Frameworks */,
				73E60BB3188A73D400D49502 /* Resources */,
			);
			buildRules = (
			);
			dependencies = (
				73E60BBB188A73D400D49502 /* PBXTargetDependency */,
			);
			name = TodoListAppTests;
			productName = TodoListAppTests;
			productReference = 73E60BB5188A73D400D49502 /* TodoListAppTests.xctest */;
			productType = "com.apple.product-type.bundle.unit-test";
		};
/* End PBXNativeTarget section */

/* Begin PBXProject section */
		73E60B8C188A73D400D49502 /* Project object */ = {
			isa = PBXProject;
			attributes = {
				LastUpgradeCheck = 0500;
				ORGANIZATIONNAME = "Dinesh Joshi";
				TargetAttributes = {
					73E60BB4188A73D400D49502 = {
						TestTargetID = 73E60B93188A73D400D49502;
					};
				};
			};
			buildConfigurationList = 73E60B8F188A73D400D49502 /* Build configuration list for PBXProject "TodoListApp" */;
			compatibilityVersion = "Xcode 3.2";
			developmentRegion = English;
			hasScannedForEncodings = 0;
			knownRegions = (
				en,
				Base,
			);
			mainGroup = 73E60B8B188A73D400D49502;
			productRefGroup = 73E60B95188A73D400D49502 /* Products */;
			projectDirPath = "";
			projectRoot = "";
			targets = (
				73E60B93188A73D400D49502 /* TodoListApp */,
				73E60BB4188A73D400D49502 /* TodoListAppTests */,
			);
		};
/* End PBXProject section */

/* Begin PBXResourcesBuildPhase section */
		73E60B92188A73D400D49502 /* Resources */ = {
			isa = PBXResourcesBuildPhase;
			buildActionMask = 2147483647;
			files = (
				73E60BB0188A73D400D49502 /* Images.xcassets in Resources */,
				73E60BA2188A73D400D49502 /* InfoPlist.strings in Resources */,
				73E60BAB188A73D400D49502 /* Main.storyboard in Resources */,
			);
			runOnlyForDeploymentPostprocessing = 0;
		};
		73E60BB3188A73D400D49502 /* Resources */ = {
			isa = PBXResourcesBuildPhase;
			buildActionMask = 2147483647;
			files = (
				73E60BC1188A73D400D49502 /* InfoPlist.strings in Resources */,
			);
			runOnlyForDeploymentPostprocessing = 0;
		};
/* End PBXResourcesBuildPhase section */

/* Begin PBXSourcesBuildPhase section */
		73E60B90188A73D400D49502 /* Sources */ = {
			isa = PBXSourcesBuildPhase;
			buildActionMask = 2147483647;
			files = (
				73E60BD5188A807300D49502 /* Cell.m in Sources */,
				73E60BA8188A73D400D49502 /* AppDelegate.m in Sources */,
				73E60BA4188A73D400D49502 /* main.m in Sources */,
				73E60BD2188A785E00D49502 /* TableViewController.m in Sources */,
			);
			runOnlyForDeploymentPostprocessing = 0;
		};
		73E60BB1188A73D400D49502 /* Sources */ = {
			isa = PBXSourcesBuildPhase;
			buildActionMask = 2147483647;
			files = (
				73E60BC3188A73D400D49502 /* TodoListAppTests.m in Sources */,
			);
			runOnlyForDeploymentPostprocessing = 0;
		};
/* End PBXSourcesBuildPhase section */

/* Begin PBXTargetDependency section */
		73E60BBB188A73D400D49502 /* PBXTargetDependency */ = {
			isa = PBXTargetDependency;
			target = 73E60B93188A73D400D49502 /* TodoListApp */;
			targetProxy = 73E60BBA188A73D400D49502 /* PBXContainerItemProxy */;
		};
/* End PBXTargetDependency section */

/* Begin PBXVariantGroup section */
		73E60BA0188A73D400D49502 /* InfoPlist.strings */ = {
			isa = PBXVariantGroup;
			children = (
				73E60BA1188A73D400D49502 /* en */,
			);
			name = InfoPlist.strings;
			sourceTree = "<group>";
		};
		73E60BA9188A73D400D49502 /* Main.storyboard */ = {
			isa = PBXVariantGroup;
			children = (
				73E60BAA188A73D400D49502 /* Base */,
			);
			name = Main.storyboard;
			sourceTree = "<group>";
		};
		73E60BBF188A73D400D49502 /* InfoPlist.strings */ = {
			isa = PBXVariantGroup;
			children = (
				73E60BC0188A73D400D49502 /* en */,
			);
			name = InfoPlist.strings;
			sourceTree = "<group>";
		};
/* End PBXVariantGroup section */

/* Begin XCBuildConfiguration section */
		73E60BC4188A73D400D49502 /* Debug */ = {
			isa = XCBuildConfiguration;
			buildSettings = {
				ALWAYS_SEARCH_USER_PATHS = NO;
				ARCHS = "$(ARCHS_STANDARD_INCLUDING_64_BIT)";
				CLANG_CXX_LANGUAGE_STANDARD = "gnu++0x";
				CLANG_CXX_LIBRARY = "libc++";
				CLANG_ENABLE_MODULES = YES;
				CLANG_ENABLE_OBJC_ARC = YES;
				CLANG_WARN_BOOL_CONVERSION = YES;
				CLANG_WARN_CONSTANT_CONVERSION = YES;
				CLANG_WARN_DIRECT_OBJC_ISA_USAGE = YES_ERROR;
				CLANG_WARN_EMPTY_BODY = YES;
				CLANG_WARN_ENUM_CONVERSION = YES;
				CLANG_WARN_INT_CONVERSION = YES;
				CLANG_WARN_OBJC_ROOT_CLASS = YES_ERROR;
				CLANG_WARN__DUPLICATE_METHOD_MATCH = YES;
				"CODE_SIGN_IDENTITY[sdk=iphoneos*]" = "iPhone Developer";
				COPY_PHASE_STRIP = NO;
				GCC_C_LANGUAGE_STANDARD = gnu99;
				GCC_DYNAMIC_NO_PIC = NO;
				GCC_OPTIMIZATION_LEVEL = 0;
				GCC_PREPROCESSOR_DEFINITIONS = (
					"DEBUG=1",
					"$(inherited)",
				);
				GCC_SYMBOLS_PRIVATE_EXTERN = NO;
				GCC_WARN_64_TO_32_BIT_CONVERSION = YES;
				GCC_WARN_ABOUT_RETURN_TYPE = YES_ERROR;
				GCC_WARN_UNDECLARED_SELECTOR = YES;
				GCC_WARN_UNINITIALIZED_AUTOS = YES;
				GCC_WARN_UNUSED_FUNCTION = YES;
				GCC_WARN_UNUSED_VARIABLE = YES;
				IPHONEOS_DEPLOYMENT_TARGET = 7.0;
				ONLY_ACTIVE_ARCH = YES;
				SDKROOT = iphoneos;
			};
			name = Debug;
		};
		73E60BC5188A73D400D49502 /* Release */ = {
			isa = XCBuildConfiguration;
			buildSettings = {
				ALWAYS_SEARCH_USER_PATHS = NO;
				ARCHS = "$(ARCHS_STANDARD_INCLUDING_64_BIT)";
				CLANG_CXX_LANGUAGE_STANDARD = "gnu++0x";
				CLANG_CXX_LIBRARY = "libc++";
				CLANG_ENABLE_MODULES = YES;
				CLANG_ENABLE_OBJC_ARC = YES;
				CLANG_WARN_BOOL_CONVERSION = YES;
				CLANG_WARN_CONSTANT_CONVERSION = YES;
				CLANG_WARN_DIRECT_OBJC_ISA_USAGE = YES_ERROR;
				CLANG_WARN_EMPTY_BODY = YES;
				CLANG_WARN_ENUM_CONVERSION = YES;
				CLANG_WARN_INT_CONVERSION = YES;
				CLANG_WARN_OBJC_ROOT_CLASS = YES_ERROR;
				CLANG_WARN__DUPLICATE_METHOD_MATCH = YES;
				"CODE_SIGN_IDENTITY[sdk=iphoneos*]" = "iPhone Developer";
				COPY_PHASE_STRIP = YES;
				ENABLE_NS_ASSERTIONS = NO;
				GCC_C_LANGUAGE_STANDARD = gnu99;
				GCC_WARN_64_TO_32_BIT_CONVERSION = YES;
				GCC_WARN_ABOUT_RETURN_TYPE = YES_ERROR;
				GCC_WARN_UNDECLARED_SELECTOR = YES;
				GCC_WARN_UNINITIALIZED_AUTOS = YES;
				GCC_WARN_UNUSED_FUNCTION = YES;
				GCC_WARN_UNUSED_VARIABLE = YES;
				IPHONEOS_DEPLOYMENT_TARGET = 7.0;
				SDKROOT = iphoneos;
				VALIDATE_PRODUCT = YES;
			};
			name = Release;
		};
		73E60BC7188A73D400D49502 /* Debug */ = {
			isa = XCBuildConfiguration;
			buildSettings = {
				ASSETCATALOG_COMPILER_APPICON_NAME = AppIcon;
				ASSETCATALOG_COMPILER_LAUNCHIMAGE_NAME = LaunchImage;
				GCC_PRECOMPILE_PREFIX_HEADER = YES;
				GCC_PREFIX_HEADER = "TodoListApp/TodoListApp-Prefix.pch";
				INFOPLIST_FILE = "TodoListApp/TodoListApp-Info.plist";
				PRODUCT_NAME = "$(TARGET_NAME)";
				WRAPPER_EXTENSION = app;
			};
			name = Debug;
		};
		73E60BC8188A73D400D49502 /* Release */ = {
			isa = XCBuildConfiguration;
			buildSettings = {
				ASSETCATALOG_COMPILER_APPICON_NAME = AppIcon;
				ASSETCATALOG_COMPILER_LAUNCHIMAGE_NAME = LaunchImage;
				GCC_PRECOMPILE_PREFIX_HEADER = YES;
				GCC_PREFIX_HEADER = "TodoListApp/TodoListApp-Prefix.pch";
				INFOPLIST_FILE = "TodoListApp/TodoListApp-Info.plist";
				PRODUCT_NAME = "$(TARGET_NAME)";
				WRAPPER_EXTENSION = app;
			};
			name = Release;
		};
		73E60BCA188A73D400D49502 /* Debug */ = {
			isa = XCBuildConfiguration;
			buildSettings = {
				ARCHS = "$(ARCHS_STANDARD_INCLUDING_64_BIT)";
				BUNDLE_LOADER = "$(BUILT_PRODUCTS_DIR)/TodoListApp.app/TodoListApp";
				FRAMEWORK_SEARCH_PATHS = (
					"$(SDKROOT)/Developer/Library/Frameworks",
					"$(inherited)",
					"$(DEVELOPER_FRAMEWORKS_DIR)",
				);
				GCC_PRECOMPILE_PREFIX_HEADER = YES;
				GCC_PREFIX_HEADER = "TodoListApp/TodoListApp-Prefix.pch";
				GCC_PREPROCESSOR_DEFINITIONS = (
					"DEBUG=1",
					"$(inherited)",
				);
				INFOPLIST_FILE = "TodoListAppTests/TodoListAppTests-Info.plist";
				PRODUCT_NAME = "$(TARGET_NAME)";
				TEST_HOST = "$(BUNDLE_LOADER)";
				WRAPPER_EXTENSION = xctest;
			};
			name = Debug;
		};
		73E60BCB188A73D400D49502 /* Release */ = {
			isa = XCBuildConfiguration;
			buildSettings = {
				ARCHS = "$(ARCHS_STANDARD_INCLUDING_64_BIT)";
				BUNDLE_LOADER = "$(BUILT_PRODUCTS_DIR)/TodoListApp.app/TodoListApp";
				FRAMEWORK_SEARCH_PATHS = (
					"$(SDKROOT)/Developer/Library/Frameworks",
					"$(inherited)",
					"$(DEVELOPER_FRAMEWORKS_DIR)",
				);
				GCC_PRECOMPILE_PREFIX_HEADER = YES;
				GCC_PREFIX_HEADER = "TodoListApp/TodoListApp-Prefix.pch";
				INFOPLIST_FILE = "TodoListAppTests/TodoListAppTests-Info.plist";
				PRODUCT_NAME = "$(TARGET_NAME)";
				TEST_HOST = "$(BUNDLE_LOADER)";
				WRAPPER_EXTENSION = xctest;
			};
			name = Release;
		};
/* End XCBuildConfiguration section */

/* Begin XCConfigurationList section */
		73E60B8F188A73D400D49502 /* Build configuration list for PBXProject "TodoListApp" */ = {
			isa = XCConfigurationList;
			buildConfigurations = (
				73E60BC4188A73D400D49502 /* Debug */,
				73E60BC5188A73D400D49502 /* Release */,
			);
			defaultConfigurationIsVisible = 0;
			defaultConfigurationName = Release;
		};
		73E60BC6188A73D400D49502 /* Build configuration list for PBXNativeTarget "TodoListApp" */ = {
			isa = XCConfigurationList;
			buildConfigurations = (
				73E60BC7188A73D400D49502 /* Debug */,
				73E60BC8188A73D400D49502 /* Release */,
			);
			defaultConfigurationIsVisible = 0;
		};
		73E60BC9188A73D400D49502 /* Build configuration list for PBXNativeTarget "TodoListAppTests" */ = {
			isa = XCConfigurationList;
			buildConfigurations = (
				73E60BCA188A73D400D49502 /* Debug */,
				73E60BCB188A73D400D49502 /* Release */,
			);
			defaultConfigurationIsVisible = 0;
		};
/* End XCConfigurationList section */
	};
	rootObject = 73E60B8C188A73D400D49502 /* Project object */;
}
